
Microsoft Visual Studio Solution File, Format Version 12.00
# Visual Studio Version 16
VisualStudioVersion = 25.0.1704.3
MinimumVisualStudioVersion = 10.0.40219.1
Project("{FAE04EC0-301F-11D3-BF4B-00C04F79EFBC}") = "Week2", "Week2\Week2.csproj", "{D801D5D3-C7D8-4BA4-ABA0-A19756311CE1}"
EndProject
Project("{FAE04EC0-301F-11D3-BF4B-00C04F79EFBC}") = "UserGenderValidation", "UserGenderValidation\UserGenderValidation.csproj", "{5C59ECB0-1B8D-4BF9-8BFE-EDC0A66CD4D0}"
EndProject
Project("{FAE04EC0-301F-11D3-BF4B-00C04F79EFBC}") = "UserAgeValidation", "UserAgeValidation\UserAgeValidation.csproj", "{37FDCC87-CFBD-4678-8D14-E463A42ABBBF}"
EndProject
Global
	GlobalSection(SolutionConfigurationPlatforms) = preSolution
		Debug|Any CPU = Debug|Any CPU
		Release|Any CPU = Release|Any CPU
	EndGlobalSection
	GlobalSection(ProjectConfigurationPlatforms) = postSolution
		{D801D5D3-C7D8-4BA4-ABA0-A19756311CE1}.Debug|Any CPU.ActiveCfg = Debug|Any CPU
		{D801D5D3-C7D8-4BA4-ABA0-A19756311CE1}.Debug|Any CPU.Build.0 = Debug|Any CPU
		{D801D5D3-C7D8-4BA4-ABA0-A19756311CE1}.Release|Any CPU.ActiveCfg = Release|Any CPU
		{D801D5D3-C7D8-4BA4-ABA0-A19756311CE1}.Release|Any CPU.Build.0 = Release|Any CPU
		{5C59ECB0-1B8D-4BF9-8BFE-EDC0A66CD4D0}.Debug|Any CPU.ActiveCfg = Debug|Any CPU
		{5C59ECB0-1B8D-4BF9-8BFE-EDC0A66CD4D0}.Debug|Any CPU.Build.0 = Debug|Any CPU
		{5C59ECB0-1B8D-4BF9-8BFE-EDC0A66CD4D0}.Release|Any CPU.ActiveCfg = Release|Any CPU
		{5C59ECB0-1B8D-4BF9-8BFE-EDC0A66CD4D0}.Release|Any CPU.Build.0 = Release|Any CPU
		{37FDCC87-CFBD-4678-8D14-E463A42ABBBF}.Debug|Any CPU.ActiveCfg = Debug|Any CPU
		{37FDCC87-CFBD-4678-8D14-E463A42ABBBF}.Debug|Any CPU.Build.0 = Debug|Any CPU
		{37FDCC87-CFBD-4678-8D14-E463A42ABBBF}.Release|Any CPU.ActiveCfg = Release|Any CPU
		{37FDCC87-CFBD-4678-8D14-E463A42ABBBF}.Release|Any CPU.Build.0 = Release|Any CPU
	EndGlobalSection
	GlobalSection(SolutionProperties) = preSolution
		HideSolutionNode = FALSE
	EndGlobalSection
	GlobalSection(ExtensibilityGlobals) = postSolution
		SolutionGuid = {664EE902-2C10-4CFF-94C7-36E7DD01EA17}
	EndGlobalSection
EndGlobal
